# This file is automatically @generated by Poetry 1.7.1 and should not be changed by hand.

[[package]]
name = "babel"
version = "2.14.0"
description = "Internationalization utilities"
optional = false
python-versions = ">=3.7"
files = [
    {file = "Babel-2.14.0-py3-none-any.whl", hash = "sha256:efb1a25b7118e67ce3a259bed20545c29cb68be8ad2c784c83689981b7a57287"},
    {file = "Babel-2.14.0.tar.gz", hash = "sha256:6919867db036398ba21eb5c7a0f6b28ab8cbc3ae7a73a44ebe34ae74a4e7d363"},
]

[package.extras]
dev = ["freezegun (>=1.0,<2.0)", "pytest (>=6.0)", "pytest-cov"]

[metadata]
lock-version = "2.0"
python-versions = "^3.12"
content-hash = "1fef24b9d201075acb95b1482ec68ac0ff9878a3ff028b02c235dfcc5396902c"
